
Microsoft Visual Studio Solution File, Format Version 12.00
# Visual Studio 14
VisualStudioVersion = 14.0.24720.0
MinimumVisualStudioVersion = 10.0.40219.1
Project("{FAE04EC0-301F-11D3-BF4B-00C04F79EFBC}") = "PatternSearch", "PatternSearch\PatternSearch.csproj", "{62D5878D-BE2D-4499-9A96-72AE6A2913A8}"
EndProject
Project("{FAE04EC0-301F-11D3-BF4B-00C04F79EFBC}") = "PatternSearch.Tests", "PatternSearch.Tests\PatternSearch.Tests.csproj", "{53E1AE92-099F-464A-AEEA-C92D00AD2CDC}"
EndProject
Project("{FAE04EC0-301F-11D3-BF4B-00C04F79EFBC}") = "PatternSearch.Console.Tests", "PatternSearch.Console.Tests\PatternSearch.Console.Tests.csproj", "{2C71294B-3BF4-4727-8934-1E5E22ECCE1E}"
EndProject
Project("{FAE04EC0-301F-11D3-BF4B-00C04F79EFBC}") = "PatternSearch.Console.Tests2D", "PatternSearch.Console.Tests2D\PatternSearch.Console.Tests2D.csproj", "{30CF59F6-B5CF-4D40-9683-EB3FB1C3EC59}"
EndProject
Project("{FAE04EC0-301F-11D3-BF4B-00C04F79EFBC}") = "PatternSearch.Common", "PatternSearch.Common\PatternSearch.Common.csproj", "{695A8C9A-EA39-4108-99E3-701DEC1BA0E4}"
EndProject
Project("{FAE04EC0-301F-11D3-BF4B-00C04F79EFBC}") = "PatternSearch.Comparison", "PatternSearch.Comparison\PatternSearch.Comparison.csproj", "{DB7AEA76-B5A6-463C-9B4C-FEBDE3B41477}"
EndProject
Project("{FAE04EC0-301F-11D3-BF4B-00C04F79EFBC}") = "PatternSearch.Console.Comparison.Tests", "PatternSearch.Console.Comparison.Tests\PatternSearch.Console.Comparison.Tests.csproj", "{B96BFA58-8EB4-4296-84B6-1C50928EEBB9}"
EndProject
Project("{FAE04EC0-301F-11D3-BF4B-00C04F79EFBC}") = "PatternSearch.Hashing", "PatternSearch.Hashing\PatternSearch.Hashing.csproj", "{229BC716-E3DB-404A-A0FE-C9A8984451DB}"
EndProject
Project("{2150E333-8FDC-42A3-9474-1A3956D46DE8}") = "ConsoleTests", "ConsoleTests", "{628E476D-1F00-4923-9C6A-DD32EE5FE73B}"
EndProject
Project("{FAE04EC0-301F-11D3-BF4B-00C04F79EFBC}") = "PatternSearch.Console.WordsCounter.Tests", "PatternSearch.Console.WordsCounter.Tests\PatternSearch.Console.WordsCounter.Tests.csproj", "{0173E010-2A3D-46D4-8784-A1F5ABAE2503}"
EndProject
Project("{FAE04EC0-301F-11D3-BF4B-00C04F79EFBC}") = "PatternSearch.Console.Structures.Tests", "PatternSearch.Console.Structures.Tests\PatternSearch.Console.Structures.Tests.csproj", "{07018EBC-70D7-40FD-BD22-094A8CC0322A}"
EndProject
Global
	GlobalSection(SolutionConfigurationPlatforms) = preSolution
		Debug|Any CPU = Debug|Any CPU
		Release|Any CPU = Release|Any CPU
	EndGlobalSection
	GlobalSection(ProjectConfigurationPlatforms) = postSolution
		{62D5878D-BE2D-4499-9A96-72AE6A2913A8}.Debug|Any CPU.ActiveCfg = Debug|Any CPU
		{62D5878D-BE2D-4499-9A96-72AE6A2913A8}.Debug|Any CPU.Build.0 = Debug|Any CPU
		{62D5878D-BE2D-4499-9A96-72AE6A2913A8}.Release|Any CPU.ActiveCfg = Release|Any CPU
		{62D5878D-BE2D-4499-9A96-72AE6A2913A8}.Release|Any CPU.Build.0 = Release|Any CPU
		{53E1AE92-099F-464A-AEEA-C92D00AD2CDC}.Debug|Any CPU.ActiveCfg = Debug|Any CPU
		{53E1AE92-099F-464A-AEEA-C92D00AD2CDC}.Debug|Any CPU.Build.0 = Debug|Any CPU
		{53E1AE92-099F-464A-AEEA-C92D00AD2CDC}.Release|Any CPU.ActiveCfg = Release|Any CPU
		{53E1AE92-099F-464A-AEEA-C92D00AD2CDC}.Release|Any CPU.Build.0 = Release|Any CPU
		{2C71294B-3BF4-4727-8934-1E5E22ECCE1E}.Debug|Any CPU.ActiveCfg = Debug|Any CPU
		{2C71294B-3BF4-4727-8934-1E5E22ECCE1E}.Debug|Any CPU.Build.0 = Debug|Any CPU
		{2C71294B-3BF4-4727-8934-1E5E22ECCE1E}.Release|Any CPU.ActiveCfg = Release|Any CPU
		{2C71294B-3BF4-4727-8934-1E5E22ECCE1E}.Release|Any CPU.Build.0 = Release|Any CPU
		{30CF59F6-B5CF-4D40-9683-EB3FB1C3EC59}.Debug|Any CPU.ActiveCfg = Debug|Any CPU
		{30CF59F6-B5CF-4D40-9683-EB3FB1C3EC59}.Debug|Any CPU.Build.0 = Debug|Any CPU
		{30CF59F6-B5CF-4D40-9683-EB3FB1C3EC59}.Release|Any CPU.ActiveCfg = Release|Any CPU
		{30CF59F6-B5CF-4D40-9683-EB3FB1C3EC59}.Release|Any CPU.Build.0 = Release|Any CPU
		{695A8C9A-EA39-4108-99E3-701DEC1BA0E4}.Debug|Any CPU.ActiveCfg = Debug|Any CPU
		{695A8C9A-EA39-4108-99E3-701DEC1BA0E4}.Debug|Any CPU.Build.0 = Debug|Any CPU
		{695A8C9A-EA39-4108-99E3-701DEC1BA0E4}.Release|Any CPU.ActiveCfg = Release|Any CPU
		{695A8C9A-EA39-4108-99E3-701DEC1BA0E4}.Release|Any CPU.Build.0 = Release|Any CPU
		{DB7AEA76-B5A6-463C-9B4C-FEBDE3B41477}.Debug|Any CPU.ActiveCfg = Debug|Any CPU
		{DB7AEA76-B5A6-463C-9B4C-FEBDE3B41477}.Debug|Any CPU.Build.0 = Debug|Any CPU
		{DB7AEA76-B5A6-463C-9B4C-FEBDE3B41477}.Release|Any CPU.ActiveCfg = Release|Any CPU
		{DB7AEA76-B5A6-463C-9B4C-FEBDE3B41477}.Release|Any CPU.Build.0 = Release|Any CPU
		{B96BFA58-8EB4-4296-84B6-1C50928EEBB9}.Debug|Any CPU.ActiveCfg = Debug|Any CPU
		{B96BFA58-8EB4-4296-84B6-1C50928EEBB9}.Debug|Any CPU.Build.0 = Debug|Any CPU
		{B96BFA58-8EB4-4296-84B6-1C50928EEBB9}.Release|Any CPU.ActiveCfg = Release|Any CPU
		{B96BFA58-8EB4-4296-84B6-1C50928EEBB9}.Release|Any CPU.Build.0 = Release|Any CPU
		{229BC716-E3DB-404A-A0FE-C9A8984451DB}.Debug|Any CPU.ActiveCfg = Debug|Any CPU
		{229BC716-E3DB-404A-A0FE-C9A8984451DB}.Debug|Any CPU.Build.0 = Debug|Any CPU
		{229BC716-E3DB-404A-A0FE-C9A8984451DB}.Release|Any CPU.ActiveCfg = Release|Any CPU
		{229BC716-E3DB-404A-A0FE-C9A8984451DB}.Release|Any CPU.Build.0 = Release|Any CPU
		{0173E010-2A3D-46D4-8784-A1F5ABAE2503}.Debug|Any CPU.ActiveCfg = Debug|Any CPU
		{0173E010-2A3D-46D4-8784-A1F5ABAE2503}.Debug|Any CPU.Build.0 = Debug|Any CPU
		{0173E010-2A3D-46D4-8784-A1F5ABAE2503}.Release|Any CPU.ActiveCfg = Release|Any CPU
		{0173E010-2A3D-46D4-8784-A1F5ABAE2503}.Release|Any CPU.Build.0 = Release|Any CPU
		{07018EBC-70D7-40FD-BD22-094A8CC0322A}.Debug|Any CPU.ActiveCfg = Debug|Any CPU
		{07018EBC-70D7-40FD-BD22-094A8CC0322A}.Debug|Any CPU.Build.0 = Debug|Any CPU
		{07018EBC-70D7-40FD-BD22-094A8CC0322A}.Release|Any CPU.ActiveCfg = Release|Any CPU
		{07018EBC-70D7-40FD-BD22-094A8CC0322A}.Release|Any CPU.Build.0 = Release|Any CPU
	EndGlobalSection
	GlobalSection(SolutionProperties) = preSolution
		HideSolutionNode = FALSE
	EndGlobalSection
	GlobalSection(NestedProjects) = preSolution
		{2C71294B-3BF4-4727-8934-1E5E22ECCE1E} = {628E476D-1F00-4923-9C6A-DD32EE5FE73B}
		{30CF59F6-B5CF-4D40-9683-EB3FB1C3EC59} = {628E476D-1F00-4923-9C6A-DD32EE5FE73B}
		{B96BFA58-8EB4-4296-84B6-1C50928EEBB9} = {628E476D-1F00-4923-9C6A-DD32EE5FE73B}
		{0173E010-2A3D-46D4-8784-A1F5ABAE2503} = {628E476D-1F00-4923-9C6A-DD32EE5FE73B}
		{07018EBC-70D7-40FD-BD22-094A8CC0322A} = {628E476D-1F00-4923-9C6A-DD32EE5FE73B}
	EndGlobalSection
EndGlobal
